# This file is automatically @generated by Poetry 1.8.3 and should not be changed by hand.

[[package]]
name = "uuid"
version = "1.30"
description = "UUID object and generation functions (Python 2.3 or higher)"
optional = false
python-versions = "*"
files = [
    {file = "uuid-1.30.tar.gz", hash = "sha256:1f87cc004ac5120466f36c5beae48b4c48cc411968eed0eaecd3da82aa96193f"},
]

[metadata]
lock-version = "2.0"
python-versions = "^3.8"
content-hash = "17617bfe7c3b9c61caa7704c0e181432283df48ef78ac6441c689a755685c6e9"
